Microsoft Visual Studio Solution File, Format Version 12.00
# Visual Studio Version 16
VisualStudioVersion = 16.0.33027.164
MinimumVisualStudioVersion = 10.0.40219.1
Project("{FAE04EC0-301F-11D3-BF4B-00C04F79EFBC}") = "WinFormsUI", "WinFormsUI\WinFormsUI.csproj", "{C75532C4-765B-418E-B09B-46D36B2ABDB1}"
EndProject
Project("{FAE04EC0-301F-11D3-BF4B-00C04F79EFBC}") = "ReaderInterface", "ReaderInterface.csproj", "{8686DA5A-1785-4043-84D9-6369F718BFC5}"
EndProject
Project("{FAE04EC0-301F-11D3-BF4B-00C04F79EFBC}") = "GroupPanel", "GroupPanel\GroupPanel.csproj", "{162E9112-2D5F-41A5-BFDE-50237DEFA52C}"
EndProject
Project("{FAE04EC0-301F-11D3-BF4B-00C04F79EFBC}") = "EmService", "EmService\EmService.csproj", "{0CA7EBD3-A24E-4D19-9001-214C81ADAC51}"
EndProject
Project("{FAE04EC0-301F-11D3-BF4B-00C04F79EFBC}") = "PulseButton", "PulseButton\PulseButton.csproj", "{17A4D90E-2DEB-4BD7-82B6-16860C90B4E9}"
EndProject
Project("{FAE04EC0-301F-11D3-BF4B-00C04F79EFBC}") = "MonthCalendar", "MonthCalendar\MonthCalendar.csproj", "{19BBA547-3515-4E3E-ADB7-E9895171A43E}"
EndProject
Project("{FAE04EC0-301F-11D3-BF4B-00C04F79EFBC}") = "EmRangeControl", "EmRangeControl\EmRangeControl.csproj", "{A47E495C-A50B-47E3-9148-D788B4E9C652}"
EndProject
Project("{FAE04EC0-301F-11D3-BF4B-00C04F79EFBC}") = "FileAnalyzer", "FileAnalyzer\FileAnalyzer.csproj", "{F2163149-3FE1-4738-8FAA-FE529990E6D8}"
EndProject
Project("{FAE04EC0-301F-11D3-BF4B-00C04F79EFBC}") = "ZedGraph", "ZedGraph\ZedGraph.csproj", "{2541686B-1673-43BF-AF89-3163945DB009}"
EndProject
Project("{FAE04EC0-301F-11D3-BF4B-00C04F79EFBC}") = "DeviceIO", "DeviceIO\DeviceIO.csproj", "{826E3BCA-0AA5-4612-A611-51907AE07201}"
EndProject
Project("{8BC9CEB8-8B4A-11D0-8D11-00A0C91BC942}") = "PQPAUsbDriver32", "PQPAUsbDriver32\PQPAUsbDriver32.vcxproj", "{C2E4BFC4-18C6-4028-9FD0-B7110A4568A2}"
EndProject
Project("{FAE04EC0-301F-11D3-BF4B-00C04F79EFBC}") = "DeviceIOEmPort", "DeviceIOEmPort\DeviceIOEmPort.csproj", "{A0CD4DC4-C53E-44FD-837E-8CDB4943A3DE}"
EndProject
Project("{FAE04EC0-301F-11D3-BF4B-00C04F79EFBC}") = "ExportToExcel", "ExportToExcel\ExportToExcel.csproj", "{20A0A526-729F-4895-9D0F-8026AF1BA03B}"
EndProject
Project("{54435603-DBB4-11D2-8724-00A0C9A8B90C}") = "Installer", "Installer\Installer.vdproj", "{62107124-B9CB-4BAE-B3DE-1DFBA5E27E71}"
EndProject
Project("{8BC9CEB8-8B4A-11D0-8D11-00A0C91BC942}") = "ReaderProc", "Reader\ReaderProc.vcxproj", "{BF063C77-FA8F-4FC6-AA3C-7DD3442A60C6}"
EndProject
Global
	GlobalSection(SolutionConfigurationPlatforms) = preSolution
		Debug|Any CPU = Debug|Any CPU
		Debug|Mixed Platforms = Debug|Mixed Platforms
		Debug|Win32 = Debug|Win32
		Installs|Any CPU = Installs|Any CPU
		Installs|Mixed Platforms = Installs|Mixed Platforms
		Installs|Win32 = Installs|Win32
		QuickRun|Any CPU = QuickRun|Any CPU
		QuickRun|Mixed Platforms = QuickRun|Mixed Platforms
		QuickRun|Win32 = QuickRun|Win32
		Release|Any CPU = Release|Any CPU
		Release|Mixed Platforms = Release|Mixed Platforms
		Release|Win32 = Release|Win32
	EndGlobalSection
	GlobalSection(ProjectConfigurationPlatforms) = postSolution
		{C75532C4-765B-418E-B09B-46D36B2ABDB1}.Debug|Any CPU.ActiveCfg = Debug|Any CPU
		{C75532C4-765B-418E-B09B-46D36B2ABDB1}.Debug|Any CPU.Build.0 = Debug|Any CPU
		{C75532C4-765B-418E-B09B-46D36B2ABDB1}.Debug|Mixed Platforms.ActiveCfg = Debug|Any CPU
		{C75532C4-765B-418E-B09B-46D36B2ABDB1}.Debug|Mixed Platforms.Build.0 = Debug|Any CPU
		{C75532C4-765B-418E-B09B-46D36B2ABDB1}.Debug|Win32.ActiveCfg = Debug|Any CPU
		{C75532C4-765B-418E-B09B-46D36B2ABDB1}.Installs|Any CPU.ActiveCfg = Release|Any CPU
		{C75532C4-765B-418E-B09B-46D36B2ABDB1}.Installs|Any CPU.Build.0 = Release|Any CPU
		{C75532C4-765B-418E-B09B-46D36B2ABDB1}.Installs|Mixed Platforms.ActiveCfg = Release|Any CPU
		{C75532C4-765B-418E-B09B-46D36B2ABDB1}.Installs|Mixed Platforms.Build.0 = Release|Any CPU
		{C75532C4-765B-418E-B09B-46D36B2ABDB1}.Installs|Win32.ActiveCfg = Release|Any CPU
		{C75532C4-765B-418E-B09B-46D36B2ABDB1}.QuickRun|Any CPU.ActiveCfg = Release|Any CPU
		{C75532C4-765B-418E-B09B-46D36B2ABDB1}.QuickRun|Any CPU.Build.0 = Release|Any CPU
		{C75532C4-765B-418E-B09B-46D36B2ABDB1}.QuickRun|Mixed Platforms.ActiveCfg = Release|Any CPU
		{C75532C4-765B-418E-B09B-46D36B2ABDB1}.QuickRun|Mixed Platforms.Build.0 = Release|Any CPU
		{C75532C4-765B-418E-B09B-46D36B2ABDB1}.QuickRun|Win32.ActiveCfg = Release|Any CPU
		{C75532C4-765B-418E-B09B-46D36B2ABDB1}.Release|Any CPU.ActiveCfg = Release|Any CPU
		{C75532C4-765B-418E-B09B-46D36B2ABDB1}.Release|Any CPU.Build.0 = Release|Any CPU
		{C75532C4-765B-418E-B09B-46D36B2ABDB1}.Release|Mixed Platforms.ActiveCfg = Release|Any CPU
		{C75532C4-765B-418E-B09B-46D36B2ABDB1}.Release|Mixed Platforms.Build.0 = Release|Any CPU
		{C75532C4-765B-418E-B09B-46D36B2ABDB1}.Release|Win32.ActiveCfg = Release|Any CPU
		{8686DA5A-1785-4043-84D9-6369F718BFC5}.Debug|Any CPU.ActiveCfg = Debug|Any CPU
		{8686DA5A-1785-4043-84D9-6369F718BFC5}.Debug|Any CPU.Build.0 = Debug|Any CPU
		{8686DA5A-1785-4043-84D9-6369F718BFC5}.Debug|Mixed Platforms.ActiveCfg = Debug|Any CPU
		{8686DA5A-1785-4043-84D9-6369F718BFC5}.Debug|Mixed Platforms.Build.0 = Debug|Any CPU
		{8686DA5A-1785-4043-84D9-6369F718BFC5}.Debug|Win32.ActiveCfg = Debug|Any CPU
		{8686DA5A-1785-4043-84D9-6369F718BFC5}.Installs|Any CPU.ActiveCfg = Release|Any CPU
		{8686DA5A-1785-4043-84D9-6369F718BFC5}.Installs|Any CPU.Build.0 = Release|Any CPU
		{8686DA5A-1785-4043-84D9-6369F718BFC5}.Installs|Mixed Platforms.ActiveCfg = Release|Any CPU
		{8686DA5A-1785-4043-84D9-6369F718BFC5}.Installs|Mixed Platforms.Build.0 = Release|Any CPU
		{8686DA5A-1785-4043-84D9-6369F718BFC5}.Installs|Win32.ActiveCfg = Release|Any CPU
		{8686DA5A-1785-4043-84D9-6369F718BFC5}.QuickRun|Any CPU.ActiveCfg = Release|Any CPU
		{8686DA5A-1785-4043-84D9-6369F718BFC5}.QuickRun|Any CPU.Build.0 = Release|Any CPU
		{8686DA5A-1785-4043-84D9-6369F718BFC5}.QuickRun|Mixed Platforms.ActiveCfg = Release|Any CPU
		{8686DA5A-1785-4043-84D9-6369F718BFC5}.QuickRun|Mixed Platforms.Build.0 = Release|Any CPU
		{8686DA5A-1785-4043-84D9-6369F718BFC5}.QuickRun|Win32.ActiveCfg = Release|Any CPU
		{8686DA5A-1785-4043-84D9-6369F718BFC5}.Release|Any CPU.ActiveCfg = Release|Any CPU
		{8686DA5A-1785-4043-84D9-6369F718BFC5}.Release|Any CPU.Build.0 = Release|Any CPU
		{8686DA5A-1785-4043-84D9-6369F718BFC5}.Release|Mixed Platforms.ActiveCfg = Release|Any CPU
		{8686DA5A-1785-4043-84D9-6369F718BFC5}.Release|Mixed Platforms.Build.0 = Release|Any CPU
		{8686DA5A-1785-4043-84D9-6369F718BFC5}.Release|Win32.ActiveCfg = Release|Any CPU
		{162E9112-2D5F-41A5-BFDE-50237DEFA52C}.Debug|Any CPU.ActiveCfg = Debug|Any CPU
		{162E9112-2D5F-41A5-BFDE-50237DEFA52C}.Debug|Any CPU.Build.0 = Debug|Any CPU
		{162E9112-2D5F-41A5-BFDE-50237DEFA52C}.Debug|Mixed Platforms.ActiveCfg = Debug|Any CPU
		{162E9112-2D5F-41A5-BFDE-50237DEFA52C}.Debug|Mixed Platforms.Build.0 = Debug|Any CPU
		{162E9112-2D5F-41A5-BFDE-50237DEFA52C}.Debug|Win32.ActiveCfg = Debug|Any CPU
		{162E9112-2D5F-41A5-BFDE-50237DEFA52C}.Installs|Any CPU.ActiveCfg = Release|Any CPU
		{162E9112-2D5F-41A5-BFDE-50237DEFA52C}.Installs|Any CPU.Build.0 = Release|Any CPU
		{162E9112-2D5F-41A5-BFDE-50237DEFA52C}.Installs|Mixed Platforms.ActiveCfg = Release|Any CPU
		{162E9112-2D5F-41A5-BFDE-50237DEFA52C}.Installs|Mixed Platforms.Build.0 = Release|Any CPU
		{162E9112-2D5F-41A5-BFDE-50237DEFA52C}.Installs|Win32.ActiveCfg = Release|Any CPU
		{162E9112-2D5F-41A5-BFDE-50237DEFA52C}.QuickRun|Any CPU.ActiveCfg = Release|Any CPU
		{162E9112-2D5F-41A5-BFDE-50237DEFA52C}.QuickRun|Any CPU.Build.0 = Release|Any CPU
		{162E9112-2D5F-41A5-BFDE-50237DEFA52C}.QuickRun|Mixed Platforms.ActiveCfg = Release|Any CPU
		{162E9112-2D5F-41A5-BFDE-50237DEFA52C}.QuickRun|Mixed Platforms.Build.0 = Release|Any CPU
		{162E9112-2D5F-41A5-BFDE-50237DEFA52C}.QuickRun|Win32.ActiveCfg = Release|Any CPU
		{162E9112-2D5F-41A5-BFDE-50237DEFA52C}.Release|Any CPU.ActiveCfg = Release|Any CPU
		{162E9112-2D5F-41A5-BFDE-50237DEFA52C}.Release|Any CPU.Build.0 = Release|Any CPU
		{162E9112-2D5F-41A5-BFDE-50237DEFA52C}.Release|Mixed Platforms.ActiveCfg = Release|Any CPU
		{162E9112-2D5F-41A5-BFDE-50237DEFA52C}.Release|Mixed Platforms.Build.0 = Release|Any CPU
		{162E9112-2D5F-41A5-BFDE-50237DEFA52C}.Release|Win32.ActiveCfg = Release|Any CPU
		{0CA7EBD3-A24E-4D19-9001-214C81ADAC51}.Debug|Any CPU.ActiveCfg = Debug|Any CPU
		{0CA7EBD3-A24E-4D19-9001-214C81ADAC51}.Debug|Any CPU.Build.0 = Debug|Any CPU
		{0CA7EBD3-A24E-4D19-9001-214C81ADAC51}.Debug|Mixed Platforms.ActiveCfg = Debug|Any CPU
		{0CA7EBD3-A24E-4D19-9001-214C81ADAC51}.Debug|Mixed Platforms.Build.0 = Debug|Any CPU
		{0CA7EBD3-A24E-4D19-9001-214C81ADAC51}.Debug|Win32.ActiveCfg = Debug|Any CPU
		{0CA7EBD3-A24E-4D19-9001-214C81ADAC51}.Installs|Any CPU.ActiveCfg = Release|Any CPU
		{0CA7EBD3-A24E-4D19-9001-214C81ADAC51}.Installs|Any CPU.Build.0 = Release|Any CPU
		{0CA7EBD3-A24E-4D19-9001-214C81ADAC51}.Installs|Mixed Platforms.ActiveCfg = Release|Any CPU
		{0CA7EBD3-A24E-4D19-9001-214C81ADAC51}.Installs|Mixed Platforms.Build.0 = Release|Any CPU
		{0CA7EBD3-A24E-4D19-9001-214C81ADAC51}.Installs|Win32.ActiveCfg = Release|Any CPU
		{0CA7EBD3-A24E-4D19-9001-214C81ADAC51}.QuickRun|Any CPU.ActiveCfg = Release|Any CPU
		{0CA7EBD3-A24E-4D19-9001-214C81ADAC51}.QuickRun|Any CPU.Build.0 = Release|Any CPU
		{0CA7EBD3-A24E-4D19-9001-214C81ADAC51}.QuickRun|Mixed Platforms.ActiveCfg = Release|Any CPU
		{0CA7EBD3-A24E-4D19-9001-214C81ADAC51}.QuickRun|Mixed Platforms.Build.0 = Release|Any CPU
		{0CA7EBD3-A24E-4D19-9001-214C81ADAC51}.QuickRun|Win32.ActiveCfg = Release|Any CPU
		{0CA7EBD3-A24E-4D19-9001-214C81ADAC51}.Release|Any CPU.ActiveCfg = Release|Any CPU
		{0CA7EBD3-A24E-4D19-9001-214C81ADAC51}.Release|Any CPU.Build.0 = Release|Any CPU
		{0CA7EBD3-A24E-4D19-9001-214C81ADAC51}.Release|Mixed Platforms.ActiveCfg = Release|Any CPU
		{0CA7EBD3-A24E-4D19-9001-214C81ADAC51}.Release|Mixed Platforms.Build.0 = Release|Any CPU
		{0CA7EBD3-A24E-4D19-9001-214C81ADAC51}.Release|Win32.ActiveCfg = Release|Any CPU
		{17A4D90E-2DEB-4BD7-82B6-16860C90B4E9}.Debug|Any CPU.ActiveCfg = Debug|Any CPU
		{17A4D90E-2DEB-4BD7-82B6-16860C90B4E9}.Debug|Any CPU.Build.0 = Debug|Any CPU
		{17A4D90E-2DEB-4BD7-82B6-16860C90B4E9}.Debug|Mixed Platforms.ActiveCfg = Debug|Any CPU
		{17A4D90E-2DEB-4BD7-82B6-16860C90B4E9}.Debug|Mixed Platforms.Build.0 = Debug|Any CPU
		{17A4D90E-2DEB-4BD7-82B6-16860C90B4E9}.Debug|Win32.ActiveCfg = Debug|Any CPU
		{17A4D90E-2DEB-4BD7-82B6-16860C90B4E9}.Installs|Any CPU.ActiveCfg = Release|Any CPU
		{17A4D90E-2DEB-4BD7-82B6-16860C90B4E9}.Installs|Any CPU.Build.0 = Release|Any CPU
		{17A4D90E-2DEB-4BD7-82B6-16860C90B4E9}.Installs|Mixed Platforms.ActiveCfg = Release|Any CPU
		{17A4D90E-2DEB-4BD7-82B6-16860C90B4E9}.Installs|Mixed Platforms.Build.0 = Release|Any CPU
		{17A4D90E-2DEB-4BD7-82B6-16860C90B4E9}.Installs|Win32.ActiveCfg = Release|Any CPU
		{17A4D90E-2DEB-4BD7-82B6-16860C90B4E9}.QuickRun|Any CPU.ActiveCfg = Release|Any CPU
		{17A4D90E-2DEB-4BD7-82B6-16860C90B4E9}.QuickRun|Any CPU.Build.0 = Release|Any CPU
		{17A4D90E-2DEB-4BD7-82B6-16860C90B4E9}.QuickRun|Mixed Platforms.ActiveCfg = Release|Any CPU
		{17A4D90E-2DEB-4BD7-82B6-16860C90B4E9}.QuickRun|Mixed Platforms.Build.0 = Release|Any CPU
		{17A4D90E-2DEB-4BD7-82B6-16860C90B4E9}.QuickRun|Win32.ActiveCfg = Release|Any CPU
		{17A4D90E-2DEB-4BD7-82B6-16860C90B4E9}.Release|Any CPU.ActiveCfg = Release|Any CPU
		{17A4D90E-2DEB-4BD7-82B6-16860C90B4E9}.Release|Any CPU.Build.0 = Release|Any CPU
		{17A4D90E-2DEB-4BD7-82B6-16860C90B4E9}.Release|Mixed Platforms.ActiveCfg = Release|Any CPU
		{17A4D90E-2DEB-4BD7-82B6-16860C90B4E9}.Release|Mixed Platforms.Build.0 = Release|Any CPU
		{17A4D90E-2DEB-4BD7-82B6-16860C90B4E9}.Release|Win32.ActiveCfg = Release|Any CPU
		{19BBA547-3515-4E3E-ADB7-E9895171A43E}.Debug|Any CPU.ActiveCfg = Debug|Any CPU
		{19BBA547-3515-4E3E-ADB7-E9895171A43E}.Debug|Any CPU.Build.0 = Debug|Any CPU
		{19BBA547-3515-4E3E-ADB7-E9895171A43E}.Debug|Mixed Platforms.ActiveCfg = Debug|Any CPU
		{19BBA547-3515-4E3E-ADB7-E9895171A43E}.Debug|Mixed Platforms.Build.0 = Debug|Any CPU
		{19BBA547-3515-4E3E-ADB7-E9895171A43E}.Debug|Win32.ActiveCfg = Debug|Any CPU
		{19BBA547-3515-4E3E-ADB7-E9895171A43E}.Installs|Any CPU.ActiveCfg = Release|Any CPU
		{19BBA547-3515-4E3E-ADB7-E9895171A43E}.Installs|Any CPU.Build.0 = Release|Any CPU
		{19BBA547-3515-4E3E-ADB7-E9895171A43E}.Installs|Mixed Platforms.ActiveCfg = Release|Any CPU
		{19BBA547-3515-4E3E-ADB7-E9895171A43E}.Installs|Mixed Platforms.Build.0 = Release|Any CPU
		{19BBA547-3515-4E3E-ADB7-E9895171A43E}.Installs|Win32.ActiveCfg = Release|Any CPU
		{19BBA547-3515-4E3E-ADB7-E9895171A43E}.QuickRun|Any CPU.ActiveCfg = Release|Any CPU
		{19BBA547-3515-4E3E-ADB7-E9895171A43E}.QuickRun|Any CPU.Build.0 = Release|Any CPU
		{19BBA547-3515-4E3E-ADB7-E9895171A43E}.QuickRun|Mixed Platforms.ActiveCfg = Release|Any CPU
		{19BBA547-3515-4E3E-ADB7-E9895171A43E}.QuickRun|Mixed Platforms.Build.0 = Release|Any CPU
		{19BBA547-3515-4E3E-ADB7-E9895171A43E}.QuickRun|Win32.ActiveCfg = Release|Any CPU
		{19BBA547-3515-4E3E-ADB7-E9895171A43E}.Release|Any CPU.ActiveCfg = Release|Any CPU
		{19BBA547-3515-4E3E-ADB7-E9895171A43E}.Release|Any CPU.Build.0 = Release|Any CPU
		{19BBA547-3515-4E3E-ADB7-E9895171A43E}.Release|Mixed Platforms.ActiveCfg = Release|Any CPU
		{19BBA547-3515-4E3E-ADB7-E9895171A43E}.Release|Mixed Platforms.Build.0 = Release|Any CPU
		{19BBA547-3515-4E3E-ADB7-E9895171A43E}.Release|Win32.ActiveCfg = Release|Any CPU
		{A47E495C-A50B-47E3-9148-D788B4E9C652}.Debug|Any CPU.ActiveCfg = Debug|Any CPU
		{A47E495C-A50B-47E3-9148-D788B4E9C652}.Debug|Any CPU.Build.0 = Debug|Any CPU
		{A47E495C-A50B-47E3-9148-D788B4E9C652}.Debug|Mixed Platforms.ActiveCfg = Debug|Any CPU
		{A47E495C-A50B-47E3-9148-D788B4E9C652}.Debug|Mixed Platforms.Build.0 = Debug|Any CPU
		{A47E495C-A50B-47E3-9148-D788B4E9C652}.Debug|Win32.ActiveCfg = Debug|Any CPU
		{A47E495C-A50B-47E3-9148-D788B4E9C652}.Installs|Any CPU.ActiveCfg = Release|Any CPU
		{A47E495C-A50B-47E3-9148-D788B4E9C652}.Installs|Any CPU.Build.0 = Release|Any CPU
		{A47E495C-A50B-47E3-9148-D788B4E9C652}.Installs|Mixed Platforms.ActiveCfg = Release|Any CPU
		{A47E495C-A50B-47E3-9148-D788B4E9C652}.Installs|Mixed Platforms.Build.0 = Release|Any CPU
		{A47E495C-A50B-47E3-9148-D788B4E9C652}.Installs|Win32.ActiveCfg = Release|Any CPU
		{A47E495C-A50B-47E3-9148-D788B4E9C652}.QuickRun|Any CPU.ActiveCfg = Release|Any CPU
		{A47E495C-A50B-47E3-9148-D788B4E9C652}.QuickRun|Any CPU.Build.0 = Release|Any CPU
		{A47E495C-A50B-47E3-9148-D788B4E9C652}.QuickRun|Mixed Platforms.ActiveCfg = Release|Any CPU
		{A47E495C-A50B-47E3-9148-D788B4E9C652}.QuickRun|Mixed Platforms.Build.0 = Release|Any CPU
		{A47E495C-A50B-47E3-9148-D788B4E9C652}.QuickRun|Win32.ActiveCfg = Release|Any CPU
		{A47E495C-A50B-47E3-9148-D788B4E9C652}.Release|Any CPU.ActiveCfg = Release|Any CPU
		{A47E495C-A50B-47E3-9148-D788B4E9C652}.Release|Any CPU.Build.0 = Release|Any CPU
		{A47E495C-A50B-47E3-9148-D788B4E9C652}.Release|Mixed Platforms.ActiveCfg = Release|Any CPU
		{A47E495C-A50B-47E3-9148-D788B4E9C652}.Release|Mixed Platforms.Build.0 = Release|Any CPU
		{A47E495C-A50B-47E3-9148-D788B4E9C652}.Release|Win32.ActiveCfg = Release|Any CPU
		{F2163149-3FE1-4738-8FAA-FE529990E6D8}.Debug|Any CPU.ActiveCfg = Debug|Any CPU
		{F2163149-3FE1-4738-8FAA-FE529990E6D8}.Debug|Any CPU.Build.0 = Debug|Any CPU
		{F2163149-3FE1-4738-8FAA-FE529990E6D8}.Debug|Mixed Platforms.ActiveCfg = Debug|Any CPU
		{F2163149-3FE1-4738-8FAA-FE529990E6D8}.Debug|Mixed Platforms.Build.0 = Debug|Any CPU
		{F2163149-3FE1-4738-8FAA-FE529990E6D8}.Debug|Win32.ActiveCfg = Debug|Any CPU
		{F2163149-3FE1-4738-8FAA-FE529990E6D8}.Installs|Any CPU.ActiveCfg = Release|Any CPU
		{F2163149-3FE1-4738-8FAA-FE529990E6D8}.Installs|Any CPU.Build.0 = Release|Any CPU
		{F2163149-3FE1-4738-8FAA-FE529990E6D8}.Installs|Mixed Platforms.ActiveCfg = Release|Any CPU
		{F2163149-3FE1-4738-8FAA-FE529990E6D8}.Installs|Mixed Platforms.Build.0 = Release|Any CPU
		{F2163149-3FE1-4738-8FAA-FE529990E6D8}.Installs|Win32.ActiveCfg = Release|Any CPU
		{F2163149-3FE1-4738-8FAA-FE529990E6D8}.QuickRun|Any CPU.ActiveCfg = Release|Any CPU
		{F2163149-3FE1-4738-8FAA-FE529990E6D8}.QuickRun|Any CPU.Build.0 = Release|Any CPU
		{F2163149-3FE1-4738-8FAA-FE529990E6D8}.QuickRun|Mixed Platforms.ActiveCfg = Release|Any CPU
		{F2163149-3FE1-4738-8FAA-FE529990E6D8}.QuickRun|Mixed Platforms.Build.0 = Release|Any CPU
		{F2163149-3FE1-4738-8FAA-FE529990E6D8}.QuickRun|Win32.ActiveCfg = Release|Any CPU
		{F2163149-3FE1-4738-8FAA-FE529990E6D8}.Release|Any CPU.ActiveCfg = Release|Any CPU
		{F2163149-3FE1-4738-8FAA-FE529990E6D8}.Release|Any CPU.Build.0 = Release|Any CPU
		{F2163149-3FE1-4738-8FAA-FE529990E6D8}.Release|Mixed Platforms.ActiveCfg = Release|Any CPU
		{F2163149-3FE1-4738-8FAA-FE529990E6D8}.Release|Mixed Platforms.Build.0 = Release|Any CPU
		{F2163149-3FE1-4738-8FAA-FE529990E6D8}.Release|Win32.ActiveCfg = Release|Any CPU
		{2541686B-1673-43BF-AF89-3163945DB009}.Debug|Any CPU.ActiveCfg = Debug|Any CPU
		{2541686B-1673-43BF-AF89-3163945DB009}.Debug|Any CPU.Build.0 = Debug|Any CPU
		{2541686B-1673-43BF-AF89-3163945DB009}.Debug|Mixed Platforms.ActiveCfg = Debug|Any CPU
		{2541686B-1673-43BF-AF89-3163945DB009}.Debug|Mixed Platforms.Build.0 = Debug|Any CPU
		{2541686B-1673-43BF-AF89-3163945DB009}.Debug|Win32.ActiveCfg = Debug|Any CPU
		{2541686B-1673-43BF-AF89-3163945DB009}.Installs|Any CPU.ActiveCfg = Release|Any CPU
		{2541686B-1673-43BF-AF89-3163945DB009}.Installs|Any CPU.Build.0 = Release|Any CPU
		{2541686B-1673-43BF-AF89-3163945DB009}.Installs|Mixed Platforms.ActiveCfg = Release|Any CPU
		{2541686B-1673-43BF-AF89-3163945DB009}.Installs|Mixed Platforms.Build.0 = Release|Any CPU
		{2541686B-1673-43BF-AF89-3163945DB009}.Installs|Win32.ActiveCfg = Release|Any CPU
		{2541686B-1673-43BF-AF89-3163945DB009}.QuickRun|Any CPU.ActiveCfg = Release|Any CPU
		{2541686B-1673-43BF-AF89-3163945DB009}.QuickRun|Any CPU.Build.0 = Release|Any CPU
		{2541686B-1673-43BF-AF89-3163945DB009}.QuickRun|Mixed Platforms.ActiveCfg = Release|Any CPU
		{2541686B-1673-43BF-AF89-3163945DB009}.QuickRun|Mixed Platforms.Build.0 = Release|Any CPU
		{2541686B-1673-43BF-AF89-3163945DB009}.QuickRun|Win32.ActiveCfg = Release|Any CPU
		{2541686B-1673-43BF-AF89-3163945DB009}.Release|Any CPU.ActiveCfg = Release|Any CPU
		{2541686B-1673-43BF-AF89-3163945DB009}.Release|Any CPU.Build.0 = Release|Any CPU
		{2541686B-1673-43BF-AF89-3163945DB009}.Release|Mixed Platforms.ActiveCfg = Release|Any CPU
		{2541686B-1673-43BF-AF89-3163945DB009}.Release|Mixed Platforms.Build.0 = Release|Any CPU
		{2541686B-1673-43BF-AF89-3163945DB009}.Release|Win32.ActiveCfg = Release|Any CPU
		{826E3BCA-0AA5-4612-A611-51907AE07201}.Debug|Any CPU.ActiveCfg = Debug|Any CPU
		{826E3BCA-0AA5-4612-A611-51907AE07201}.Debug|Any CPU.Build.0 = Debug|Any CPU
		{826E3BCA-0AA5-4612-A611-51907AE07201}.Debug|Mixed Platforms.ActiveCfg = Debug|Any CPU
		{826E3BCA-0AA5-4612-A611-51907AE07201}.Debug|Mixed Platforms.Build.0 = Debug|Any CPU
		{826E3BCA-0AA5-4612-A611-51907AE07201}.Debug|Win32.ActiveCfg = Debug|Any CPU
		{826E3BCA-0AA5-4612-A611-51907AE07201}.Installs|Any CPU.ActiveCfg = Release|Any CPU
		{826E3BCA-0AA5-4612-A611-51907AE07201}.Installs|Any CPU.Build.0 = Release|Any CPU
		{826E3BCA-0AA5-4612-A611-51907AE07201}.Installs|Mixed Platforms.ActiveCfg = Release|Any CPU
		{826E3BCA-0AA5-4612-A611-51907AE07201}.Installs|Mixed Platforms.Build.0 = Release|Any CPU
		{826E3BCA-0AA5-4612-A611-51907AE07201}.Installs|Win32.ActiveCfg = Release|Any CPU
		{826E3BCA-0AA5-4612-A611-51907AE07201}.QuickRun|Any CPU.ActiveCfg = Release|Any CPU
		{826E3BCA-0AA5-4612-A611-51907AE07201}.QuickRun|Any CPU.Build.0 = Release|Any CPU
		{826E3BCA-0AA5-4612-A611-51907AE07201}.QuickRun|Mixed Platforms.ActiveCfg = Release|Any CPU
		{826E3BCA-0AA5-4612-A611-51907AE07201}.QuickRun|Mixed Platforms.Build.0 = Release|Any CPU
		{826E3BCA-0AA5-4612-A611-51907AE07201}.QuickRun|Win32.ActiveCfg = Release|Any CPU
		{826E3BCA-0AA5-4612-A611-51907AE07201}.Release|Any CPU.ActiveCfg = Release|Any CPU
		{826E3BCA-0AA5-4612-A611-51907AE07201}.Release|Any CPU.Build.0 = Release|Any CPU
		{826E3BCA-0AA5-4612-A611-51907AE07201}.Release|Mixed Platforms.ActiveCfg = Release|Any CPU
		{826E3BCA-0AA5-4612-A611-51907AE07201}.Release|Mixed Platforms.Build.0 = Release|Any CPU
		{826E3BCA-0AA5-4612-A611-51907AE07201}.Release|Win32.ActiveCfg = Release|Any CPU
		{C2E4BFC4-18C6-4028-9FD0-B7110A4568A2}.Debug|Any CPU.ActiveCfg = Debug|Win32
		{C2E4BFC4-18C6-4028-9FD0-B7110A4568A2}.Debug|Mixed Platforms.ActiveCfg = Debug|Win32
		{C2E4BFC4-18C6-4028-9FD0-B7110A4568A2}.Debug|Mixed Platforms.Build.0 = Debug|Win32
		{C2E4BFC4-18C6-4028-9FD0-B7110A4568A2}.Debug|Win32.ActiveCfg = Debug|Win32
		{C2E4BFC4-18C6-4028-9FD0-B7110A4568A2}.Debug|Win32.Build.0 = Debug|Win32
		{C2E4BFC4-18C6-4028-9FD0-B7110A4568A2}.Installs|Any CPU.ActiveCfg = Release|Win32
		{C2E4BFC4-18C6-4028-9FD0-B7110A4568A2}.Installs|Mixed Platforms.ActiveCfg = Release|Win32
		{C2E4BFC4-18C6-4028-9FD0-B7110A4568A2}.Installs|Mixed Platforms.Build.0 = Release|Win32
		{C2E4BFC4-18C6-4028-9FD0-B7110A4568A2}.Installs|Win32.ActiveCfg = Release|Win32
		{C2E4BFC4-18C6-4028-9FD0-B7110A4568A2}.Installs|Win32.Build.0 = Release|Win32
		{C2E4BFC4-18C6-4028-9FD0-B7110A4568A2}.QuickRun|Any CPU.ActiveCfg = Release|Win32
		{C2E4BFC4-18C6-4028-9FD0-B7110A4568A2}.QuickRun|Mixed Platforms.ActiveCfg = Release|Win32
		{C2E4BFC4-18C6-4028-9FD0-B7110A4568A2}.QuickRun|Mixed Platforms.Build.0 = Release|Win32
		{C2E4BFC4-18C6-4028-9FD0-B7110A4568A2}.QuickRun|Win32.ActiveCfg = Release|Win32
		{C2E4BFC4-18C6-4028-9FD0-B7110A4568A2}.QuickRun|Win32.Build.0 = Release|Win32
		{C2E4BFC4-18C6-4028-9FD0-B7110A4568A2}.Release|Any CPU.ActiveCfg = Release|Win32
		{C2E4BFC4-18C6-4028-9FD0-B7110A4568A2}.Release|Mixed Platforms.ActiveCfg = Release|Win32
		{C2E4BFC4-18C6-4028-9FD0-B7110A4568A2}.Release|Mixed Platforms.Build.0 = Release|Win32
		{C2E4BFC4-18C6-4028-9FD0-B7110A4568A2}.Release|Win32.ActiveCfg = Release|Win32
		{C2E4BFC4-18C6-4028-9FD0-B7110A4568A2}.Release|Win32.Build.0 = Release|Win32
		{A0CD4DC4-C53E-44FD-837E-8CDB4943A3DE}.Debug|Any CPU.ActiveCfg = Debug|Any CPU
		{A0CD4DC4-C53E-44FD-837E-8CDB4943A3DE}.Debug|Any CPU.Build.0 = Debug|Any CPU
		{A0CD4DC4-C53E-44FD-837E-8CDB4943A3DE}.Debug|Mixed Platforms.ActiveCfg = Debug|Any CPU
		{A0CD4DC4-C53E-44FD-837E-8CDB4943A3DE}.Debug|Mixed Platforms.Build.0 = Debug|Any CPU
		{A0CD4DC4-C53E-44FD-837E-8CDB4943A3DE}.Debug|Win32.ActiveCfg = Debug|Any CPU
		{A0CD4DC4-C53E-44FD-837E-8CDB4943A3DE}.Installs|Any CPU.ActiveCfg = Release|Any CPU
		{A0CD4DC4-C53E-44FD-837E-8CDB4943A3DE}.Installs|Any CPU.Build.0 = Release|Any CPU
		{A0CD4DC4-C53E-44FD-837E-8CDB4943A3DE}.Installs|Mixed Platforms.ActiveCfg = Release|Any CPU
		{A0CD4DC4-C53E-44FD-837E-8CDB4943A3DE}.Installs|Mixed Platforms.Build.0 = Release|Any CPU
		{A0CD4DC4-C53E-44FD-837E-8CDB4943A3DE}.Installs|Win32.ActiveCfg = Release|Any CPU
		{A0CD4DC4-C53E-44FD-837E-8CDB4943A3DE}.QuickRun|Any CPU.ActiveCfg = Release|Any CPU
		{A0CD4DC4-C53E-44FD-837E-8CDB4943A3DE}.QuickRun|Any CPU.Build.0 = Release|Any CPU
		{A0CD4DC4-C53E-44FD-837E-8CDB4943A3DE}.QuickRun|Mixed Platforms.ActiveCfg = Release|Any CPU
		{A0CD4DC4-C53E-44FD-837E-8CDB4943A3DE}.QuickRun|Mixed Platforms.Build.0 = Release|Any CPU
		{A0CD4DC4-C53E-44FD-837E-8CDB4943A3DE}.QuickRun|Win32.ActiveCfg = Release|Any CPU
		{A0CD4DC4-C53E-44FD-837E-8CDB4943A3DE}.Release|Any CPU.ActiveCfg = Release|Any CPU
		{A0CD4DC4-C53E-44FD-837E-8CDB4943A3DE}.Release|Any CPU.Build.0 = Release|Any CPU
		{A0CD4DC4-C53E-44FD-837E-8CDB4943A3DE}.Release|Mixed Platforms.ActiveCfg = Release|Any CPU
		{A0CD4DC4-C53E-44FD-837E-8CDB4943A3DE}.Release|Mixed Platforms.Build.0 = Release|Any CPU
		{A0CD4DC4-C53E-44FD-837E-8CDB4943A3DE}.Release|Win32.ActiveCfg = Release|Any CPU
		{20A0A526-729F-4895-9D0F-8026AF1BA03B}.Debug|Any CPU.ActiveCfg = Debug|Any CPU
		{20A0A526-729F-4895-9D0F-8026AF1BA03B}.Debug|Any CPU.Build.0 = Debug|Any CPU
		{20A0A526-729F-4895-9D0F-8026AF1BA03B}.Debug|Mixed Platforms.ActiveCfg = Debug|Any CPU
		{20A0A526-729F-4895-9D0F-8026AF1BA03B}.Debug|Mixed Platforms.Build.0 = Debug|Any CPU
		{20A0A526-729F-4895-9D0F-8026AF1BA03B}.Debug|Win32.ActiveCfg = Debug|Any CPU
		{20A0A526-729F-4895-9D0F-8026AF1BA03B}.Installs|Any CPU.ActiveCfg = Release|Any CPU
		{20A0A526-729F-4895-9D0F-8026AF1BA03B}.Installs|Any CPU.Build.0 = Release|Any CPU
		{20A0A526-729F-4895-9D0F-8026AF1BA03B}.Installs|Mixed Platforms.ActiveCfg = Release|Any CPU
		{20A0A526-729F-4895-9D0F-8026AF1BA03B}.Installs|Mixed Platforms.Build.0 = Release|Any CPU
		{20A0A526-729F-4895-9D0F-8026AF1BA03B}.Installs|Win32.ActiveCfg = Release|Any CPU
		{20A0A526-729F-4895-9D0F-8026AF1BA03B}.QuickRun|Any CPU.ActiveCfg = Release|Any CPU
		{20A0A526-729F-4895-9D0F-8026AF1BA03B}.QuickRun|Any CPU.Build.0 = Release|Any CPU
		{20A0A526-729F-4895-9D0F-8026AF1BA03B}.QuickRun|Mixed Platforms.ActiveCfg = Release|Any CPU
		{20A0A526-729F-4895-9D0F-8026AF1BA03B}.QuickRun|Mixed Platforms.Build.0 = Release|Any CPU
		{20A0A526-729F-4895-9D0F-8026AF1BA03B}.QuickRun|Win32.ActiveCfg = Release|Any CPU
		{20A0A526-729F-4895-9D0F-8026AF1BA03B}.Release|Any CPU.ActiveCfg = Release|Any CPU
		{20A0A526-729F-4895-9D0F-8026AF1BA03B}.Release|Any CPU.Build.0 = Release|Any CPU
		{20A0A526-729F-4895-9D0F-8026AF1BA03B}.Release|Mixed Platforms.ActiveCfg = Release|Any CPU
		{20A0A526-729F-4895-9D0F-8026AF1BA03B}.Release|Mixed Platforms.Build.0 = Release|Any CPU
		{20A0A526-729F-4895-9D0F-8026AF1BA03B}.Release|Win32.ActiveCfg = Release|Any CPU
		{62107124-B9CB-4BAE-B3DE-1DFBA5E27E71}.Debug|Any CPU.ActiveCfg = Debug
		{62107124-B9CB-4BAE-B3DE-1DFBA5E27E71}.Debug|Mixed Platforms.ActiveCfg = Debug
		{62107124-B9CB-4BAE-B3DE-1DFBA5E27E71}.Debug|Win32.ActiveCfg = Debug
		{62107124-B9CB-4BAE-B3DE-1DFBA5E27E71}.Installs|Any CPU.ActiveCfg = Release
		{62107124-B9CB-4BAE-B3DE-1DFBA5E27E71}.Installs|Mixed Platforms.ActiveCfg = Release
		{62107124-B9CB-4BAE-B3DE-1DFBA5E27E71}.Installs|Win32.ActiveCfg = Release
		{62107124-B9CB-4BAE-B3DE-1DFBA5E27E71}.QuickRun|Any CPU.ActiveCfg = Release
		{62107124-B9CB-4BAE-B3DE-1DFBA5E27E71}.QuickRun|Mixed Platforms.ActiveCfg = Release
		{62107124-B9CB-4BAE-B3DE-1DFBA5E27E71}.QuickRun|Win32.ActiveCfg = Release
		{62107124-B9CB-4BAE-B3DE-1DFBA5E27E71}.Release|Any CPU.ActiveCfg = Release
		{62107124-B9CB-4BAE-B3DE-1DFBA5E27E71}.Release|Mixed Platforms.ActiveCfg = Release
		{62107124-B9CB-4BAE-B3DE-1DFBA5E27E71}.Release|Win32.ActiveCfg = Release
		{BF063C77-FA8F-4FC6-AA3C-7DD3442A60C6}.Debug|Any CPU.ActiveCfg = Debug|Win32
		{BF063C77-FA8F-4FC6-AA3C-7DD3442A60C6}.Debug|Mixed Platforms.ActiveCfg = Debug|Win32
		{BF063C77-FA8F-4FC6-AA3C-7DD3442A60C6}.Debug|Mixed Platforms.Build.0 = Debug|Win32
		{BF063C77-FA8F-4FC6-AA3C-7DD3442A60C6}.Debug|Win32.ActiveCfg = Debug|Win32
		{BF063C77-FA8F-4FC6-AA3C-7DD3442A60C6}.Debug|Win32.Build.0 = Debug|Win32
		{BF063C77-FA8F-4FC6-AA3C-7DD3442A60C6}.Installs|Any CPU.ActiveCfg = Debug|Win32
		{BF063C77-FA8F-4FC6-AA3C-7DD3442A60C6}.Installs|Any CPU.Build.0 = Debug|Win32
		{BF063C77-FA8F-4FC6-AA3C-7DD3442A60C6}.Installs|Mixed Platforms.ActiveCfg = Debug|Win32
		{BF063C77-FA8F-4FC6-AA3C-7DD3442A60C6}.Installs|Mixed Platforms.Build.0 = Debug|Win32
		{BF063C77-FA8F-4FC6-AA3C-7DD3442A60C6}.Installs|Win32.ActiveCfg = Debug|Win32
		{BF063C77-FA8F-4FC6-AA3C-7DD3442A60C6}.Installs|Win32.Build.0 = Debug|Win32
		{BF063C77-FA8F-4FC6-AA3C-7DD3442A60C6}.QuickRun|Any CPU.ActiveCfg = Debug|Win32
		{BF063C77-FA8F-4FC6-AA3C-7DD3442A60C6}.QuickRun|Any CPU.Build.0 = Debug|Win32
		{BF063C77-FA8F-4FC6-AA3C-7DD3442A60C6}.QuickRun|Mixed Platforms.ActiveCfg = Debug|Win32
		{BF063C77-FA8F-4FC6-AA3C-7DD3442A60C6}.QuickRun|Mixed Platforms.Build.0 = Debug|Win32
		{BF063C77-FA8F-4FC6-AA3C-7DD3442A60C6}.QuickRun|Win32.ActiveCfg = Debug|Win32
		{BF063C77-FA8F-4FC6-AA3C-7DD3442A60C6}.QuickRun|Win32.Build.0 = Debug|Win32
		{BF063C77-FA8F-4FC6-AA3C-7DD3442A60C6}.Release|Any CPU.ActiveCfg = Release|Win32
		{BF063C77-FA8F-4FC6-AA3C-7DD3442A60C6}.Release|Mixed Platforms.ActiveCfg = Release|Win32
		{BF063C77-FA8F-4FC6-AA3C-7DD3442A60C6}.Release|Mixed Platforms.Build.0 = Release|Win32
		{BF063C77-FA8F-4FC6-AA3C-7DD3442A60C6}.Release|Win32.ActiveCfg = Release|Win32
		{BF063C77-FA8F-4FC6-AA3C-7DD3442A60C6}.Release|Win32.Build.0 = Release|Win32
	EndGlobalSection
	GlobalSection(SolutionProperties) = preSolution
		HideSolutionNode = FALSE
	EndGlobalSection
	GlobalSection(ExtensibilityGlobals) = postSolution
		SolutionGuid = {6E065E74-CA42-446B-8C1D-6585E0C5A551}
	EndGlobalSection
EndGlobal
